
Microsoft Visual Studio Solution File, Format Version 12.00
# Visual Studio Version 17
VisualStudioVersion = 17.1.32421.90
MinimumVisualStudioVersion = 10.0.40219.1
Project("{2150E333-8FDC-42A3-9474-1A3956D46DE8}") = "src", "src", "{B8F08446-9BA2-4DB8-B5CC-6C9AFEA20396}"
EndProject
Project("{2150E333-8FDC-42A3-9474-1A3956D46DE8}") = "tests", "tests", "{9894B508-9016-4893-B98E-35E27D1BA208}"
EndProject
Project("{9A19103F-16F7-4668-BE54-9A1E7A4F7556}") = "CombatAnalysis.App", "src\CombatAnalysis.App\CombatAnalysis.App.csproj", "{7B2A5CB3-58CE-40A1-8C7F-B77DCD48EA22}"
EndProject
Project("{9A19103F-16F7-4668-BE54-9A1E7A4F7556}") = "CombatAnalysis.Core", "src\CombatAnalysis.Core\CombatAnalysis.Core.csproj", "{D281D60C-D939-408E-A817-4A5562B792A6}"
EndProject
Project("{9A19103F-16F7-4668-BE54-9A1E7A4F7556}") = "CombatAnalysis.WinCore", "src\CombatAnalysis.WinCore\CombatAnalysis.WinCore.csproj", "{D6E56948-D20F-4ED3-8133-682B5B2E1A81}"
EndProject
Project("{9A19103F-16F7-4668-BE54-9A1E7A4F7556}") = "CombatAnalysis.CombatParser", "src\CombatAnalysis.CombatParser\CombatAnalysis.CombatParser.csproj", "{4BD6BA9E-2E2B-4B51-8A9B-6E91475FFBAA}"
EndProject
Project("{2150E333-8FDC-42A3-9474-1A3956D46DE8}") = "API", "API", "{62EA9C04-C2CB-4E58-9097-052329442EDA}"
EndProject
Project("{9A19103F-16F7-4668-BE54-9A1E7A4F7556}") = "CombatAnalysis.CombatParserAPI", "src\API\CombatAnalysis.CombatParserAPI\CombatAnalysis.CombatParserAPI.csproj", "{5E420A83-B5FD-4BB9-BB1A-8DCBD7783464}"
EndProject
Project("{9A19103F-16F7-4668-BE54-9A1E7A4F7556}") = "CombatAnalysis.DAL", "src\CombatAnalysis.DAL\CombatAnalysis.DAL.csproj", "{4EC5E60C-6CA6-4CEC-AEC7-8D41FF69F993}"
EndProject
Project("{9A19103F-16F7-4668-BE54-9A1E7A4F7556}") = "CombatAnalysis.BL", "src\CombatAnalysis.BL\CombatAnalysis.BL.csproj", "{F5CFB3FC-808A-414D-8CEE-FB346472EE58}"
EndProject
Project("{9A19103F-16F7-4668-BE54-9A1E7A4F7556}") = "CombatAnalysis.WebApp", "src\CombatAnalysis.WebApp\CombatAnalysis.WebApp.csproj", "{11416CFA-3C47-494B-9909-69E78936637E}"
EndProject
Project("{2150E333-8FDC-42A3-9474-1A3956D46DE8}") = "DesktopApp", "DesktopApp", "{3E98ABA2-F8C8-435E-94D4-7F27A7A12465}"
EndProject
Project("{2150E333-8FDC-42A3-9474-1A3956D46DE8}") = "Parser", "Parser", "{6A0A5BAA-99BD-4601-9A88-43948D5EB32A}"
EndProject
Project("{2150E333-8FDC-42A3-9474-1A3956D46DE8}") = "WEB", "WEB", "{6C01E9D4-7B29-4111-B078-F10599019CE8}"
EndProject
Project("{2150E333-8FDC-42A3-9474-1A3956D46DE8}") = "Common", "Common", "{1EF73C0F-94A0-4D92-8ABD-31BFD3917DD1}"
EndProject
Project("{FAE04EC0-301F-11D3-BF4B-00C04F79EFBC}") = "CombatAnalysis.Parser.Tests", "tests\CombatAnalysis.Parser.Tests\CombatAnalysis.Parser.Tests.csproj", "{22F3D57A-97E5-4B6A-A1F5-4D81A5B19DCF}"
EndProject
Global
	GlobalSection(SolutionConfigurationPlatforms) = preSolution
		Debug|Any CPU = Debug|Any CPU
		Release|Any CPU = Release|Any CPU
	EndGlobalSection
	GlobalSection(ProjectConfigurationPlatforms) = postSolution
		{7B2A5CB3-58CE-40A1-8C7F-B77DCD48EA22}.Debug|Any CPU.ActiveCfg = Debug|Any CPU
		{7B2A5CB3-58CE-40A1-8C7F-B77DCD48EA22}.Debug|Any CPU.Build.0 = Debug|Any CPU
		{7B2A5CB3-58CE-40A1-8C7F-B77DCD48EA22}.Release|Any CPU.ActiveCfg = Release|Any CPU
		{7B2A5CB3-58CE-40A1-8C7F-B77DCD48EA22}.Release|Any CPU.Build.0 = Release|Any CPU
		{D281D60C-D939-408E-A817-4A5562B792A6}.Debug|Any CPU.ActiveCfg = Debug|Any CPU
		{D281D60C-D939-408E-A817-4A5562B792A6}.Debug|Any CPU.Build.0 = Debug|Any CPU
		{D281D60C-D939-408E-A817-4A5562B792A6}.Release|Any CPU.ActiveCfg = Release|Any CPU
		{D281D60C-D939-408E-A817-4A5562B792A6}.Release|Any CPU.Build.0 = Release|Any CPU
		{D6E56948-D20F-4ED3-8133-682B5B2E1A81}.Debug|Any CPU.ActiveCfg = Debug|Any CPU
		{D6E56948-D20F-4ED3-8133-682B5B2E1A81}.Debug|Any CPU.Build.0 = Debug|Any CPU
		{D6E56948-D20F-4ED3-8133-682B5B2E1A81}.Release|Any CPU.ActiveCfg = Release|Any CPU
		{D6E56948-D20F-4ED3-8133-682B5B2E1A81}.Release|Any CPU.Build.0 = Release|Any CPU
		{4BD6BA9E-2E2B-4B51-8A9B-6E91475FFBAA}.Debug|Any CPU.ActiveCfg = Debug|Any CPU
		{4BD6BA9E-2E2B-4B51-8A9B-6E91475FFBAA}.Debug|Any CPU.Build.0 = Debug|Any CPU
		{4BD6BA9E-2E2B-4B51-8A9B-6E91475FFBAA}.Release|Any CPU.ActiveCfg = Release|Any CPU
		{4BD6BA9E-2E2B-4B51-8A9B-6E91475FFBAA}.Release|Any CPU.Build.0 = Release|Any CPU
		{5E420A83-B5FD-4BB9-BB1A-8DCBD7783464}.Debug|Any CPU.ActiveCfg = Debug|Any CPU
		{5E420A83-B5FD-4BB9-BB1A-8DCBD7783464}.Debug|Any CPU.Build.0 = Debug|Any CPU
		{5E420A83-B5FD-4BB9-BB1A-8DCBD7783464}.Release|Any CPU.ActiveCfg = Release|Any CPU
		{5E420A83-B5FD-4BB9-BB1A-8DCBD7783464}.Release|Any CPU.Build.0 = Release|Any CPU
		{4EC5E60C-6CA6-4CEC-AEC7-8D41FF69F993}.Debug|Any CPU.ActiveCfg = Debug|Any CPU
		{4EC5E60C-6CA6-4CEC-AEC7-8D41FF69F993}.Debug|Any CPU.Build.0 = Debug|Any CPU
		{4EC5E60C-6CA6-4CEC-AEC7-8D41FF69F993}.Release|Any CPU.ActiveCfg = Release|Any CPU
		{4EC5E60C-6CA6-4CEC-AEC7-8D41FF69F993}.Release|Any CPU.Build.0 = Release|Any CPU
		{F5CFB3FC-808A-414D-8CEE-FB346472EE58}.Debug|Any CPU.ActiveCfg = Debug|Any CPU
		{F5CFB3FC-808A-414D-8CEE-FB346472EE58}.Debug|Any CPU.Build.0 = Debug|Any CPU
		{F5CFB3FC-808A-414D-8CEE-FB346472EE58}.Release|Any CPU.ActiveCfg = Release|Any CPU
		{F5CFB3FC-808A-414D-8CEE-FB346472EE58}.Release|Any CPU.Build.0 = Release|Any CPU
		{11416CFA-3C47-494B-9909-69E78936637E}.Debug|Any CPU.ActiveCfg = Debug|Any CPU
		{11416CFA-3C47-494B-9909-69E78936637E}.Debug|Any CPU.Build.0 = Debug|Any CPU
		{11416CFA-3C47-494B-9909-69E78936637E}.Release|Any CPU.ActiveCfg = Release|Any CPU
		{11416CFA-3C47-494B-9909-69E78936637E}.Release|Any CPU.Build.0 = Release|Any CPU
		{22F3D57A-97E5-4B6A-A1F5-4D81A5B19DCF}.Debug|Any CPU.ActiveCfg = Debug|Any CPU
		{22F3D57A-97E5-4B6A-A1F5-4D81A5B19DCF}.Debug|Any CPU.Build.0 = Debug|Any CPU
		{22F3D57A-97E5-4B6A-A1F5-4D81A5B19DCF}.Release|Any CPU.ActiveCfg = Release|Any CPU
		{22F3D57A-97E5-4B6A-A1F5-4D81A5B19DCF}.Release|Any CPU.Build.0 = Release|Any CPU
	EndGlobalSection
	GlobalSection(SolutionProperties) = preSolution
		HideSolutionNode = FALSE
	EndGlobalSection
	GlobalSection(NestedProjects) = preSolution
		{7B2A5CB3-58CE-40A1-8C7F-B77DCD48EA22} = {3E98ABA2-F8C8-435E-94D4-7F27A7A12465}
		{D281D60C-D939-408E-A817-4A5562B792A6} = {3E98ABA2-F8C8-435E-94D4-7F27A7A12465}
		{D6E56948-D20F-4ED3-8133-682B5B2E1A81} = {3E98ABA2-F8C8-435E-94D4-7F27A7A12465}
		{4BD6BA9E-2E2B-4B51-8A9B-6E91475FFBAA} = {6A0A5BAA-99BD-4601-9A88-43948D5EB32A}
		{62EA9C04-C2CB-4E58-9097-052329442EDA} = {B8F08446-9BA2-4DB8-B5CC-6C9AFEA20396}
		{5E420A83-B5FD-4BB9-BB1A-8DCBD7783464} = {62EA9C04-C2CB-4E58-9097-052329442EDA}
		{4EC5E60C-6CA6-4CEC-AEC7-8D41FF69F993} = {1EF73C0F-94A0-4D92-8ABD-31BFD3917DD1}
		{F5CFB3FC-808A-414D-8CEE-FB346472EE58} = {1EF73C0F-94A0-4D92-8ABD-31BFD3917DD1}
		{11416CFA-3C47-494B-9909-69E78936637E} = {6C01E9D4-7B29-4111-B078-F10599019CE8}
		{3E98ABA2-F8C8-435E-94D4-7F27A7A12465} = {B8F08446-9BA2-4DB8-B5CC-6C9AFEA20396}
		{6A0A5BAA-99BD-4601-9A88-43948D5EB32A} = {B8F08446-9BA2-4DB8-B5CC-6C9AFEA20396}
		{6C01E9D4-7B29-4111-B078-F10599019CE8} = {B8F08446-9BA2-4DB8-B5CC-6C9AFEA20396}
		{1EF73C0F-94A0-4D92-8ABD-31BFD3917DD1} = {B8F08446-9BA2-4DB8-B5CC-6C9AFEA20396}
		{22F3D57A-97E5-4B6A-A1F5-4D81A5B19DCF} = {9894B508-9016-4893-B98E-35E27D1BA208}
	EndGlobalSection
	GlobalSection(ExtensibilityGlobals) = postSolution
		SolutionGuid = {6930C3A5-709A-40FD-8649-F7740D84C558}
	EndGlobalSection
EndGlobal
