
Microsoft Visual Studio Solution File, Format Version 12.00
# Visual Studio Version 17
VisualStudioVersion = 17.1.32421.90
MinimumVisualStudioVersion = 10.0.40219.1
Project("{2150E333-8FDC-42A3-9474-1A3956D46DE8}") = "src", "src", "{B8F08446-9BA2-4DB8-B5CC-6C9AFEA20396}"
EndProject
Project("{2150E333-8FDC-42A3-9474-1A3956D46DE8}") = "tests", "tests", "{9894B508-9016-4893-B98E-35E27D1BA208}"
EndProject
Project("{2150E333-8FDC-42A3-9474-1A3956D46DE8}") = "API", "API", "{62EA9C04-C2CB-4E58-9097-052329442EDA}"
EndProject
Project("{2150E333-8FDC-42A3-9474-1A3956D46DE8}") = "DesktopApp", "DesktopApp", "{3E98ABA2-F8C8-435E-94D4-7F27A7A12465}"
EndProject
Project("{2150E333-8FDC-42A3-9474-1A3956D46DE8}") = "Parser", "Parser", "{6A0A5BAA-99BD-4601-9A88-43948D5EB32A}"
EndProject
Project("{2150E333-8FDC-42A3-9474-1A3956D46DE8}") = "WEB", "WEB", "{6C01E9D4-7B29-4111-B078-F10599019CE8}"
EndProject
Project("{2150E333-8FDC-42A3-9474-1A3956D46DE8}") = "Common", "Common", "{1EF73C0F-94A0-4D92-8ABD-31BFD3917DD1}"
EndProject
Project("{00D1A9C2-B5F0-4AF3-8072-F6C62B433612}") = "CombatAnalysis.DataBase", "tests\CombatAnalysis.DataBase\CombatAnalysis.DataBase.sqlproj", "{50D032CB-DB84-483D-BF4F-7B18EB8AFE03}"
EndProject
Project("{9A19103F-16F7-4668-BE54-9A1E7A4F7556}") = "CombatAnalysis.DAL", "src\CombatAnalysis.DAL\CombatAnalysis.DAL.csproj", "{D3575DBD-0FAC-4E88-B49F-FD6A9D83A908}"
EndProject
Project("{9A19103F-16F7-4668-BE54-9A1E7A4F7556}") = "CombatAnalysis.BL", "src\CombatAnalysis.BL\CombatAnalysis.BL.csproj", "{40A9906C-18CB-439F-AB6A-D2718AB8B6C4}"
EndProject
Project("{9A19103F-16F7-4668-BE54-9A1E7A4F7556}") = "CombatAnalysis.Identity", "src\CombatAnalysis.Identity\CombatAnalysis.Identity.csproj", "{F5121645-B46E-454E-B193-9EAFEB7A5808}"
EndProject
Project("{9A19103F-16F7-4668-BE54-9A1E7A4F7556}") = "CombatAnalysis.UserApi", "src\API\CombatAnalysis.UserApi\CombatAnalysis.UserApi.csproj", "{7E2F5173-BD3E-407C-943B-A84CFD8B6663}"
EndProject
Project("{9A19103F-16F7-4668-BE54-9A1E7A4F7556}") = "CombatAnalysis.CombatParserAPI", "src\API\CombatAnalysis.CombatParserAPI\CombatAnalysis.CombatParserAPI.csproj", "{F7786EF8-F9FF-4160-B71E-30C49E8A2E2E}"
EndProject
Project("{9A19103F-16F7-4668-BE54-9A1E7A4F7556}") = "CombatAnalysis.CombatParser", "src\CombatAnalysis.CombatParser\CombatAnalysis.CombatParser.csproj", "{64865BD0-2763-4703-9253-67F54C5A5987}"
EndProject
Project("{9A19103F-16F7-4668-BE54-9A1E7A4F7556}") = "CombatAnalysis.ChatApi", "src\API\CombatAnalysis.ChatApi\CombatAnalysis.ChatApi.csproj", "{D17C01A0-0DBB-4286-A50C-952CBF2651E2}"
EndProject
Project("{9A19103F-16F7-4668-BE54-9A1E7A4F7556}") = "CombatAnalysis.Core", "src\CombatAnalysis.Core\CombatAnalysis.Core.csproj", "{04DE9FB1-829F-4A70-8385-5D3A68F8C09B}"
EndProject
Project("{9A19103F-16F7-4668-BE54-9A1E7A4F7556}") = "CombatAnalysis.App", "src\CombatAnalysis.App\CombatAnalysis.App.csproj", "{5A72420A-DD6D-4337-91BB-38E83139B5C8}"
EndProject
Project("{9A19103F-16F7-4668-BE54-9A1E7A4F7556}") = "CombatAnalysis.WebApp", "src\CombatAnalysis.WebApp\CombatAnalysis.WebApp.csproj", "{2833C6EF-08B2-49BA-96D4-6BB75EE6BDBE}"
EndProject
Project("{9A19103F-16F7-4668-BE54-9A1E7A4F7556}") = "CombatAnalysis.Parser.Tests", "tests\CombatAnalysis.Parser.Tests\CombatAnalysis.Parser.Tests.csproj", "{A3A10AED-1904-41B4-93C6-60FA095A1466}"
EndProject
Project("{9A19103F-16F7-4668-BE54-9A1E7A4F7556}") = "CombatAnalysis.App.Smoke.Tests", "tests\CombatAnalysis.App.Smoke.Tests\CombatAnalysis.App.Smoke.Tests.csproj", "{BC098674-DA43-40E9-801A-3D7F3CD615E7}"
EndProject
Global
	GlobalSection(SolutionConfigurationPlatforms) = preSolution
		Debug|Any CPU = Debug|Any CPU
		Debug|ARM = Debug|ARM
		Debug|ARM64 = Debug|ARM64
		Debug|x64 = Debug|x64
		Debug|x86 = Debug|x86
		Release|Any CPU = Release|Any CPU
		Release|ARM = Release|ARM
		Release|ARM64 = Release|ARM64
		Release|x64 = Release|x64
		Release|x86 = Release|x86
	EndGlobalSection
	GlobalSection(ProjectConfigurationPlatforms) = postSolution
		{50D032CB-DB84-483D-BF4F-7B18EB8AFE03}.Debug|Any CPU.ActiveCfg = Debug|Any CPU
		{50D032CB-DB84-483D-BF4F-7B18EB8AFE03}.Debug|Any CPU.Build.0 = Debug|Any CPU
		{50D032CB-DB84-483D-BF4F-7B18EB8AFE03}.Debug|Any CPU.Deploy.0 = Debug|Any CPU
		{50D032CB-DB84-483D-BF4F-7B18EB8AFE03}.Debug|ARM.ActiveCfg = Debug|Any CPU
		{50D032CB-DB84-483D-BF4F-7B18EB8AFE03}.Debug|ARM.Build.0 = Debug|Any CPU
		{50D032CB-DB84-483D-BF4F-7B18EB8AFE03}.Debug|ARM.Deploy.0 = Debug|Any CPU
		{50D032CB-DB84-483D-BF4F-7B18EB8AFE03}.Debug|ARM64.ActiveCfg = Debug|Any CPU
		{50D032CB-DB84-483D-BF4F-7B18EB8AFE03}.Debug|ARM64.Build.0 = Debug|Any CPU
		{50D032CB-DB84-483D-BF4F-7B18EB8AFE03}.Debug|ARM64.Deploy.0 = Debug|Any CPU
		{50D032CB-DB84-483D-BF4F-7B18EB8AFE03}.Debug|x64.ActiveCfg = Debug|Any CPU
		{50D032CB-DB84-483D-BF4F-7B18EB8AFE03}.Debug|x64.Build.0 = Debug|Any CPU
		{50D032CB-DB84-483D-BF4F-7B18EB8AFE03}.Debug|x64.Deploy.0 = Debug|Any CPU
		{50D032CB-DB84-483D-BF4F-7B18EB8AFE03}.Debug|x86.ActiveCfg = Debug|Any CPU
		{50D032CB-DB84-483D-BF4F-7B18EB8AFE03}.Debug|x86.Build.0 = Debug|Any CPU
		{50D032CB-DB84-483D-BF4F-7B18EB8AFE03}.Debug|x86.Deploy.0 = Debug|Any CPU
		{50D032CB-DB84-483D-BF4F-7B18EB8AFE03}.Release|Any CPU.ActiveCfg = Release|Any CPU
		{50D032CB-DB84-483D-BF4F-7B18EB8AFE03}.Release|Any CPU.Build.0 = Release|Any CPU
		{50D032CB-DB84-483D-BF4F-7B18EB8AFE03}.Release|Any CPU.Deploy.0 = Release|Any CPU
		{50D032CB-DB84-483D-BF4F-7B18EB8AFE03}.Release|ARM.ActiveCfg = Release|Any CPU
		{50D032CB-DB84-483D-BF4F-7B18EB8AFE03}.Release|ARM.Build.0 = Release|Any CPU
		{50D032CB-DB84-483D-BF4F-7B18EB8AFE03}.Release|ARM.Deploy.0 = Release|Any CPU
		{50D032CB-DB84-483D-BF4F-7B18EB8AFE03}.Release|ARM64.ActiveCfg = Release|Any CPU
		{50D032CB-DB84-483D-BF4F-7B18EB8AFE03}.Release|ARM64.Build.0 = Release|Any CPU
		{50D032CB-DB84-483D-BF4F-7B18EB8AFE03}.Release|ARM64.Deploy.0 = Release|Any CPU
		{50D032CB-DB84-483D-BF4F-7B18EB8AFE03}.Release|x64.ActiveCfg = Release|Any CPU
		{50D032CB-DB84-483D-BF4F-7B18EB8AFE03}.Release|x64.Build.0 = Release|Any CPU
		{50D032CB-DB84-483D-BF4F-7B18EB8AFE03}.Release|x64.Deploy.0 = Release|Any CPU
		{50D032CB-DB84-483D-BF4F-7B18EB8AFE03}.Release|x86.ActiveCfg = Release|Any CPU
		{50D032CB-DB84-483D-BF4F-7B18EB8AFE03}.Release|x86.Build.0 = Release|Any CPU
		{50D032CB-DB84-483D-BF4F-7B18EB8AFE03}.Release|x86.Deploy.0 = Release|Any CPU
		{D3575DBD-0FAC-4E88-B49F-FD6A9D83A908}.Debug|Any CPU.ActiveCfg = Debug|Any CPU
		{D3575DBD-0FAC-4E88-B49F-FD6A9D83A908}.Debug|Any CPU.Build.0 = Debug|Any CPU
		{D3575DBD-0FAC-4E88-B49F-FD6A9D83A908}.Debug|ARM.ActiveCfg = Debug|Any CPU
		{D3575DBD-0FAC-4E88-B49F-FD6A9D83A908}.Debug|ARM.Build.0 = Debug|Any CPU
		{D3575DBD-0FAC-4E88-B49F-FD6A9D83A908}.Debug|ARM64.ActiveCfg = Debug|Any CPU
		{D3575DBD-0FAC-4E88-B49F-FD6A9D83A908}.Debug|ARM64.Build.0 = Debug|Any CPU
		{D3575DBD-0FAC-4E88-B49F-FD6A9D83A908}.Debug|x64.ActiveCfg = Debug|Any CPU
		{D3575DBD-0FAC-4E88-B49F-FD6A9D83A908}.Debug|x64.Build.0 = Debug|Any CPU
		{D3575DBD-0FAC-4E88-B49F-FD6A9D83A908}.Debug|x86.ActiveCfg = Debug|Any CPU
		{D3575DBD-0FAC-4E88-B49F-FD6A9D83A908}.Debug|x86.Build.0 = Debug|Any CPU
		{D3575DBD-0FAC-4E88-B49F-FD6A9D83A908}.Release|Any CPU.ActiveCfg = Release|Any CPU
		{D3575DBD-0FAC-4E88-B49F-FD6A9D83A908}.Release|Any CPU.Build.0 = Release|Any CPU
		{D3575DBD-0FAC-4E88-B49F-FD6A9D83A908}.Release|ARM.ActiveCfg = Release|Any CPU
		{D3575DBD-0FAC-4E88-B49F-FD6A9D83A908}.Release|ARM.Build.0 = Release|Any CPU
		{D3575DBD-0FAC-4E88-B49F-FD6A9D83A908}.Release|ARM64.ActiveCfg = Release|Any CPU
		{D3575DBD-0FAC-4E88-B49F-FD6A9D83A908}.Release|ARM64.Build.0 = Release|Any CPU
		{D3575DBD-0FAC-4E88-B49F-FD6A9D83A908}.Release|x64.ActiveCfg = Release|Any CPU
		{D3575DBD-0FAC-4E88-B49F-FD6A9D83A908}.Release|x64.Build.0 = Release|Any CPU
		{D3575DBD-0FAC-4E88-B49F-FD6A9D83A908}.Release|x86.ActiveCfg = Release|Any CPU
		{D3575DBD-0FAC-4E88-B49F-FD6A9D83A908}.Release|x86.Build.0 = Release|Any CPU
		{40A9906C-18CB-439F-AB6A-D2718AB8B6C4}.Debug|Any CPU.ActiveCfg = Debug|Any CPU
		{40A9906C-18CB-439F-AB6A-D2718AB8B6C4}.Debug|Any CPU.Build.0 = Debug|Any CPU
		{40A9906C-18CB-439F-AB6A-D2718AB8B6C4}.Debug|ARM.ActiveCfg = Debug|Any CPU
		{40A9906C-18CB-439F-AB6A-D2718AB8B6C4}.Debug|ARM.Build.0 = Debug|Any CPU
		{40A9906C-18CB-439F-AB6A-D2718AB8B6C4}.Debug|ARM64.ActiveCfg = Debug|Any CPU
		{40A9906C-18CB-439F-AB6A-D2718AB8B6C4}.Debug|ARM64.Build.0 = Debug|Any CPU
		{40A9906C-18CB-439F-AB6A-D2718AB8B6C4}.Debug|x64.ActiveCfg = Debug|Any CPU
		{40A9906C-18CB-439F-AB6A-D2718AB8B6C4}.Debug|x64.Build.0 = Debug|Any CPU
		{40A9906C-18CB-439F-AB6A-D2718AB8B6C4}.Debug|x86.ActiveCfg = Debug|Any CPU
		{40A9906C-18CB-439F-AB6A-D2718AB8B6C4}.Debug|x86.Build.0 = Debug|Any CPU
		{40A9906C-18CB-439F-AB6A-D2718AB8B6C4}.Release|Any CPU.ActiveCfg = Release|Any CPU
		{40A9906C-18CB-439F-AB6A-D2718AB8B6C4}.Release|Any CPU.Build.0 = Release|Any CPU
		{40A9906C-18CB-439F-AB6A-D2718AB8B6C4}.Release|ARM.ActiveCfg = Release|Any CPU
		{40A9906C-18CB-439F-AB6A-D2718AB8B6C4}.Release|ARM.Build.0 = Release|Any CPU
		{40A9906C-18CB-439F-AB6A-D2718AB8B6C4}.Release|ARM64.ActiveCfg = Release|Any CPU
		{40A9906C-18CB-439F-AB6A-D2718AB8B6C4}.Release|ARM64.Build.0 = Release|Any CPU
		{40A9906C-18CB-439F-AB6A-D2718AB8B6C4}.Release|x64.ActiveCfg = Release|Any CPU
		{40A9906C-18CB-439F-AB6A-D2718AB8B6C4}.Release|x64.Build.0 = Release|Any CPU
		{40A9906C-18CB-439F-AB6A-D2718AB8B6C4}.Release|x86.ActiveCfg = Release|Any CPU
		{40A9906C-18CB-439F-AB6A-D2718AB8B6C4}.Release|x86.Build.0 = Release|Any CPU
		{F5121645-B46E-454E-B193-9EAFEB7A5808}.Debug|Any CPU.ActiveCfg = Debug|Any CPU
		{F5121645-B46E-454E-B193-9EAFEB7A5808}.Debug|Any CPU.Build.0 = Debug|Any CPU
		{F5121645-B46E-454E-B193-9EAFEB7A5808}.Debug|ARM.ActiveCfg = Debug|Any CPU
		{F5121645-B46E-454E-B193-9EAFEB7A5808}.Debug|ARM.Build.0 = Debug|Any CPU
		{F5121645-B46E-454E-B193-9EAFEB7A5808}.Debug|ARM64.ActiveCfg = Debug|Any CPU
		{F5121645-B46E-454E-B193-9EAFEB7A5808}.Debug|ARM64.Build.0 = Debug|Any CPU
		{F5121645-B46E-454E-B193-9EAFEB7A5808}.Debug|x64.ActiveCfg = Debug|Any CPU
		{F5121645-B46E-454E-B193-9EAFEB7A5808}.Debug|x64.Build.0 = Debug|Any CPU
		{F5121645-B46E-454E-B193-9EAFEB7A5808}.Debug|x86.ActiveCfg = Debug|Any CPU
		{F5121645-B46E-454E-B193-9EAFEB7A5808}.Debug|x86.Build.0 = Debug|Any CPU
		{F5121645-B46E-454E-B193-9EAFEB7A5808}.Release|Any CPU.ActiveCfg = Release|Any CPU
		{F5121645-B46E-454E-B193-9EAFEB7A5808}.Release|Any CPU.Build.0 = Release|Any CPU
		{F5121645-B46E-454E-B193-9EAFEB7A5808}.Release|ARM.ActiveCfg = Release|Any CPU
		{F5121645-B46E-454E-B193-9EAFEB7A5808}.Release|ARM.Build.0 = Release|Any CPU
		{F5121645-B46E-454E-B193-9EAFEB7A5808}.Release|ARM64.ActiveCfg = Release|Any CPU
		{F5121645-B46E-454E-B193-9EAFEB7A5808}.Release|ARM64.Build.0 = Release|Any CPU
		{F5121645-B46E-454E-B193-9EAFEB7A5808}.Release|x64.ActiveCfg = Release|Any CPU
		{F5121645-B46E-454E-B193-9EAFEB7A5808}.Release|x64.Build.0 = Release|Any CPU
		{F5121645-B46E-454E-B193-9EAFEB7A5808}.Release|x86.ActiveCfg = Release|Any CPU
		{F5121645-B46E-454E-B193-9EAFEB7A5808}.Release|x86.Build.0 = Release|Any CPU
		{7E2F5173-BD3E-407C-943B-A84CFD8B6663}.Debug|Any CPU.ActiveCfg = Debug|Any CPU
		{7E2F5173-BD3E-407C-943B-A84CFD8B6663}.Debug|Any CPU.Build.0 = Debug|Any CPU
		{7E2F5173-BD3E-407C-943B-A84CFD8B6663}.Debug|ARM.ActiveCfg = Debug|Any CPU
		{7E2F5173-BD3E-407C-943B-A84CFD8B6663}.Debug|ARM.Build.0 = Debug|Any CPU
		{7E2F5173-BD3E-407C-943B-A84CFD8B6663}.Debug|ARM64.ActiveCfg = Debug|Any CPU
		{7E2F5173-BD3E-407C-943B-A84CFD8B6663}.Debug|ARM64.Build.0 = Debug|Any CPU
		{7E2F5173-BD3E-407C-943B-A84CFD8B6663}.Debug|x64.ActiveCfg = Debug|Any CPU
		{7E2F5173-BD3E-407C-943B-A84CFD8B6663}.Debug|x64.Build.0 = Debug|Any CPU
		{7E2F5173-BD3E-407C-943B-A84CFD8B6663}.Debug|x86.ActiveCfg = Debug|Any CPU
		{7E2F5173-BD3E-407C-943B-A84CFD8B6663}.Debug|x86.Build.0 = Debug|Any CPU
		{7E2F5173-BD3E-407C-943B-A84CFD8B6663}.Release|Any CPU.ActiveCfg = Release|Any CPU
		{7E2F5173-BD3E-407C-943B-A84CFD8B6663}.Release|Any CPU.Build.0 = Release|Any CPU
		{7E2F5173-BD3E-407C-943B-A84CFD8B6663}.Release|ARM.ActiveCfg = Release|Any CPU
		{7E2F5173-BD3E-407C-943B-A84CFD8B6663}.Release|ARM.Build.0 = Release|Any CPU
		{7E2F5173-BD3E-407C-943B-A84CFD8B6663}.Release|ARM64.ActiveCfg = Release|Any CPU
		{7E2F5173-BD3E-407C-943B-A84CFD8B6663}.Release|ARM64.Build.0 = Release|Any CPU
		{7E2F5173-BD3E-407C-943B-A84CFD8B6663}.Release|x64.ActiveCfg = Release|Any CPU
		{7E2F5173-BD3E-407C-943B-A84CFD8B6663}.Release|x64.Build.0 = Release|Any CPU
		{7E2F5173-BD3E-407C-943B-A84CFD8B6663}.Release|x86.ActiveCfg = Release|Any CPU
		{7E2F5173-BD3E-407C-943B-A84CFD8B6663}.Release|x86.Build.0 = Release|Any CPU
		{F7786EF8-F9FF-4160-B71E-30C49E8A2E2E}.Debug|Any CPU.ActiveCfg = Debug|Any CPU
		{F7786EF8-F9FF-4160-B71E-30C49E8A2E2E}.Debug|Any CPU.Build.0 = Debug|Any CPU
		{F7786EF8-F9FF-4160-B71E-30C49E8A2E2E}.Debug|ARM.ActiveCfg = Debug|Any CPU
		{F7786EF8-F9FF-4160-B71E-30C49E8A2E2E}.Debug|ARM.Build.0 = Debug|Any CPU
		{F7786EF8-F9FF-4160-B71E-30C49E8A2E2E}.Debug|ARM64.ActiveCfg = Debug|Any CPU
		{F7786EF8-F9FF-4160-B71E-30C49E8A2E2E}.Debug|ARM64.Build.0 = Debug|Any CPU
		{F7786EF8-F9FF-4160-B71E-30C49E8A2E2E}.Debug|x64.ActiveCfg = Debug|Any CPU
		{F7786EF8-F9FF-4160-B71E-30C49E8A2E2E}.Debug|x64.Build.0 = Debug|Any CPU
		{F7786EF8-F9FF-4160-B71E-30C49E8A2E2E}.Debug|x86.ActiveCfg = Debug|Any CPU
		{F7786EF8-F9FF-4160-B71E-30C49E8A2E2E}.Debug|x86.Build.0 = Debug|Any CPU
		{F7786EF8-F9FF-4160-B71E-30C49E8A2E2E}.Release|Any CPU.ActiveCfg = Release|Any CPU
		{F7786EF8-F9FF-4160-B71E-30C49E8A2E2E}.Release|Any CPU.Build.0 = Release|Any CPU
		{F7786EF8-F9FF-4160-B71E-30C49E8A2E2E}.Release|ARM.ActiveCfg = Release|Any CPU
		{F7786EF8-F9FF-4160-B71E-30C49E8A2E2E}.Release|ARM.Build.0 = Release|Any CPU
		{F7786EF8-F9FF-4160-B71E-30C49E8A2E2E}.Release|ARM64.ActiveCfg = Release|Any CPU
		{F7786EF8-F9FF-4160-B71E-30C49E8A2E2E}.Release|ARM64.Build.0 = Release|Any CPU
		{F7786EF8-F9FF-4160-B71E-30C49E8A2E2E}.Release|x64.ActiveCfg = Release|Any CPU
		{F7786EF8-F9FF-4160-B71E-30C49E8A2E2E}.Release|x64.Build.0 = Release|Any CPU
		{F7786EF8-F9FF-4160-B71E-30C49E8A2E2E}.Release|x86.ActiveCfg = Release|Any CPU
		{F7786EF8-F9FF-4160-B71E-30C49E8A2E2E}.Release|x86.Build.0 = Release|Any CPU
		{64865BD0-2763-4703-9253-67F54C5A5987}.Debug|Any CPU.ActiveCfg = Debug|Any CPU
		{64865BD0-2763-4703-9253-67F54C5A5987}.Debug|Any CPU.Build.0 = Debug|Any CPU
		{64865BD0-2763-4703-9253-67F54C5A5987}.Debug|ARM.ActiveCfg = Debug|Any CPU
		{64865BD0-2763-4703-9253-67F54C5A5987}.Debug|ARM.Build.0 = Debug|Any CPU
		{64865BD0-2763-4703-9253-67F54C5A5987}.Debug|ARM64.ActiveCfg = Debug|Any CPU
		{64865BD0-2763-4703-9253-67F54C5A5987}.Debug|ARM64.Build.0 = Debug|Any CPU
		{64865BD0-2763-4703-9253-67F54C5A5987}.Debug|x64.ActiveCfg = Debug|Any CPU
		{64865BD0-2763-4703-9253-67F54C5A5987}.Debug|x64.Build.0 = Debug|Any CPU
		{64865BD0-2763-4703-9253-67F54C5A5987}.Debug|x86.ActiveCfg = Debug|Any CPU
		{64865BD0-2763-4703-9253-67F54C5A5987}.Debug|x86.Build.0 = Debug|Any CPU
		{64865BD0-2763-4703-9253-67F54C5A5987}.Release|Any CPU.ActiveCfg = Release|Any CPU
		{64865BD0-2763-4703-9253-67F54C5A5987}.Release|Any CPU.Build.0 = Release|Any CPU
		{64865BD0-2763-4703-9253-67F54C5A5987}.Release|ARM.ActiveCfg = Release|Any CPU
		{64865BD0-2763-4703-9253-67F54C5A5987}.Release|ARM.Build.0 = Release|Any CPU
		{64865BD0-2763-4703-9253-67F54C5A5987}.Release|ARM64.ActiveCfg = Release|Any CPU
		{64865BD0-2763-4703-9253-67F54C5A5987}.Release|ARM64.Build.0 = Release|Any CPU
		{64865BD0-2763-4703-9253-67F54C5A5987}.Release|x64.ActiveCfg = Release|Any CPU
		{64865BD0-2763-4703-9253-67F54C5A5987}.Release|x64.Build.0 = Release|Any CPU
		{64865BD0-2763-4703-9253-67F54C5A5987}.Release|x86.ActiveCfg = Release|Any CPU
		{64865BD0-2763-4703-9253-67F54C5A5987}.Release|x86.Build.0 = Release|Any CPU
		{D17C01A0-0DBB-4286-A50C-952CBF2651E2}.Debug|Any CPU.ActiveCfg = Debug|Any CPU
		{D17C01A0-0DBB-4286-A50C-952CBF2651E2}.Debug|Any CPU.Build.0 = Debug|Any CPU
		{D17C01A0-0DBB-4286-A50C-952CBF2651E2}.Debug|ARM.ActiveCfg = Debug|Any CPU
		{D17C01A0-0DBB-4286-A50C-952CBF2651E2}.Debug|ARM.Build.0 = Debug|Any CPU
		{D17C01A0-0DBB-4286-A50C-952CBF2651E2}.Debug|ARM64.ActiveCfg = Debug|Any CPU
		{D17C01A0-0DBB-4286-A50C-952CBF2651E2}.Debug|ARM64.Build.0 = Debug|Any CPU
		{D17C01A0-0DBB-4286-A50C-952CBF2651E2}.Debug|x64.ActiveCfg = Debug|Any CPU
		{D17C01A0-0DBB-4286-A50C-952CBF2651E2}.Debug|x64.Build.0 = Debug|Any CPU
		{D17C01A0-0DBB-4286-A50C-952CBF2651E2}.Debug|x86.ActiveCfg = Debug|Any CPU
		{D17C01A0-0DBB-4286-A50C-952CBF2651E2}.Debug|x86.Build.0 = Debug|Any CPU
		{D17C01A0-0DBB-4286-A50C-952CBF2651E2}.Release|Any CPU.ActiveCfg = Release|Any CPU
		{D17C01A0-0DBB-4286-A50C-952CBF2651E2}.Release|Any CPU.Build.0 = Release|Any CPU
		{D17C01A0-0DBB-4286-A50C-952CBF2651E2}.Release|ARM.ActiveCfg = Release|Any CPU
		{D17C01A0-0DBB-4286-A50C-952CBF2651E2}.Release|ARM.Build.0 = Release|Any CPU
		{D17C01A0-0DBB-4286-A50C-952CBF2651E2}.Release|ARM64.ActiveCfg = Release|Any CPU
		{D17C01A0-0DBB-4286-A50C-952CBF2651E2}.Release|ARM64.Build.0 = Release|Any CPU
		{D17C01A0-0DBB-4286-A50C-952CBF2651E2}.Release|x64.ActiveCfg = Release|Any CPU
		{D17C01A0-0DBB-4286-A50C-952CBF2651E2}.Release|x64.Build.0 = Release|Any CPU
		{D17C01A0-0DBB-4286-A50C-952CBF2651E2}.Release|x86.ActiveCfg = Release|Any CPU
		{D17C01A0-0DBB-4286-A50C-952CBF2651E2}.Release|x86.Build.0 = Release|Any CPU
		{04DE9FB1-829F-4A70-8385-5D3A68F8C09B}.Debug|Any CPU.ActiveCfg = Debug|Any CPU
		{04DE9FB1-829F-4A70-8385-5D3A68F8C09B}.Debug|Any CPU.Build.0 = Debug|Any CPU
		{04DE9FB1-829F-4A70-8385-5D3A68F8C09B}.Debug|ARM.ActiveCfg = Debug|Any CPU
		{04DE9FB1-829F-4A70-8385-5D3A68F8C09B}.Debug|ARM.Build.0 = Debug|Any CPU
		{04DE9FB1-829F-4A70-8385-5D3A68F8C09B}.Debug|ARM64.ActiveCfg = Debug|Any CPU
		{04DE9FB1-829F-4A70-8385-5D3A68F8C09B}.Debug|ARM64.Build.0 = Debug|Any CPU
		{04DE9FB1-829F-4A70-8385-5D3A68F8C09B}.Debug|x64.ActiveCfg = Debug|Any CPU
		{04DE9FB1-829F-4A70-8385-5D3A68F8C09B}.Debug|x64.Build.0 = Debug|Any CPU
		{04DE9FB1-829F-4A70-8385-5D3A68F8C09B}.Debug|x86.ActiveCfg = Debug|Any CPU
		{04DE9FB1-829F-4A70-8385-5D3A68F8C09B}.Debug|x86.Build.0 = Debug|Any CPU
		{04DE9FB1-829F-4A70-8385-5D3A68F8C09B}.Release|Any CPU.ActiveCfg = Release|Any CPU
		{04DE9FB1-829F-4A70-8385-5D3A68F8C09B}.Release|Any CPU.Build.0 = Release|Any CPU
		{04DE9FB1-829F-4A70-8385-5D3A68F8C09B}.Release|ARM.ActiveCfg = Release|Any CPU
		{04DE9FB1-829F-4A70-8385-5D3A68F8C09B}.Release|ARM.Build.0 = Release|Any CPU
		{04DE9FB1-829F-4A70-8385-5D3A68F8C09B}.Release|ARM64.ActiveCfg = Release|Any CPU
		{04DE9FB1-829F-4A70-8385-5D3A68F8C09B}.Release|ARM64.Build.0 = Release|Any CPU
		{04DE9FB1-829F-4A70-8385-5D3A68F8C09B}.Release|x64.ActiveCfg = Release|Any CPU
		{04DE9FB1-829F-4A70-8385-5D3A68F8C09B}.Release|x64.Build.0 = Release|Any CPU
		{04DE9FB1-829F-4A70-8385-5D3A68F8C09B}.Release|x86.ActiveCfg = Release|Any CPU
		{04DE9FB1-829F-4A70-8385-5D3A68F8C09B}.Release|x86.Build.0 = Release|Any CPU
		{5A72420A-DD6D-4337-91BB-38E83139B5C8}.Debug|Any CPU.ActiveCfg = Debug|Any CPU
		{5A72420A-DD6D-4337-91BB-38E83139B5C8}.Debug|Any CPU.Build.0 = Debug|Any CPU
		{5A72420A-DD6D-4337-91BB-38E83139B5C8}.Debug|ARM.ActiveCfg = Debug|Any CPU
		{5A72420A-DD6D-4337-91BB-38E83139B5C8}.Debug|ARM.Build.0 = Debug|Any CPU
		{5A72420A-DD6D-4337-91BB-38E83139B5C8}.Debug|ARM64.ActiveCfg = Debug|Any CPU
		{5A72420A-DD6D-4337-91BB-38E83139B5C8}.Debug|ARM64.Build.0 = Debug|Any CPU
		{5A72420A-DD6D-4337-91BB-38E83139B5C8}.Debug|x64.ActiveCfg = Debug|Any CPU
		{5A72420A-DD6D-4337-91BB-38E83139B5C8}.Debug|x64.Build.0 = Debug|Any CPU
		{5A72420A-DD6D-4337-91BB-38E83139B5C8}.Debug|x86.ActiveCfg = Debug|Any CPU
		{5A72420A-DD6D-4337-91BB-38E83139B5C8}.Debug|x86.Build.0 = Debug|Any CPU
		{5A72420A-DD6D-4337-91BB-38E83139B5C8}.Release|Any CPU.ActiveCfg = Release|Any CPU
		{5A72420A-DD6D-4337-91BB-38E83139B5C8}.Release|Any CPU.Build.0 = Release|Any CPU
		{5A72420A-DD6D-4337-91BB-38E83139B5C8}.Release|ARM.ActiveCfg = Release|Any CPU
		{5A72420A-DD6D-4337-91BB-38E83139B5C8}.Release|ARM.Build.0 = Release|Any CPU
		{5A72420A-DD6D-4337-91BB-38E83139B5C8}.Release|ARM64.ActiveCfg = Release|Any CPU
		{5A72420A-DD6D-4337-91BB-38E83139B5C8}.Release|ARM64.Build.0 = Release|Any CPU
		{5A72420A-DD6D-4337-91BB-38E83139B5C8}.Release|x64.ActiveCfg = Release|Any CPU
		{5A72420A-DD6D-4337-91BB-38E83139B5C8}.Release|x64.Build.0 = Release|Any CPU
		{5A72420A-DD6D-4337-91BB-38E83139B5C8}.Release|x86.ActiveCfg = Release|Any CPU
		{5A72420A-DD6D-4337-91BB-38E83139B5C8}.Release|x86.Build.0 = Release|Any CPU
		{2833C6EF-08B2-49BA-96D4-6BB75EE6BDBE}.Debug|Any CPU.ActiveCfg = Debug|Any CPU
		{2833C6EF-08B2-49BA-96D4-6BB75EE6BDBE}.Debug|Any CPU.Build.0 = Debug|Any CPU
		{2833C6EF-08B2-49BA-96D4-6BB75EE6BDBE}.Debug|ARM.ActiveCfg = Debug|Any CPU
		{2833C6EF-08B2-49BA-96D4-6BB75EE6BDBE}.Debug|ARM.Build.0 = Debug|Any CPU
		{2833C6EF-08B2-49BA-96D4-6BB75EE6BDBE}.Debug|ARM64.ActiveCfg = Debug|Any CPU
		{2833C6EF-08B2-49BA-96D4-6BB75EE6BDBE}.Debug|ARM64.Build.0 = Debug|Any CPU
		{2833C6EF-08B2-49BA-96D4-6BB75EE6BDBE}.Debug|x64.ActiveCfg = Debug|Any CPU
		{2833C6EF-08B2-49BA-96D4-6BB75EE6BDBE}.Debug|x64.Build.0 = Debug|Any CPU
		{2833C6EF-08B2-49BA-96D4-6BB75EE6BDBE}.Debug|x86.ActiveCfg = Debug|Any CPU
		{2833C6EF-08B2-49BA-96D4-6BB75EE6BDBE}.Debug|x86.Build.0 = Debug|Any CPU
		{2833C6EF-08B2-49BA-96D4-6BB75EE6BDBE}.Release|Any CPU.ActiveCfg = Release|Any CPU
		{2833C6EF-08B2-49BA-96D4-6BB75EE6BDBE}.Release|Any CPU.Build.0 = Release|Any CPU
		{2833C6EF-08B2-49BA-96D4-6BB75EE6BDBE}.Release|ARM.ActiveCfg = Release|Any CPU
		{2833C6EF-08B2-49BA-96D4-6BB75EE6BDBE}.Release|ARM.Build.0 = Release|Any CPU
		{2833C6EF-08B2-49BA-96D4-6BB75EE6BDBE}.Release|ARM64.ActiveCfg = Release|Any CPU
		{2833C6EF-08B2-49BA-96D4-6BB75EE6BDBE}.Release|ARM64.Build.0 = Release|Any CPU
		{2833C6EF-08B2-49BA-96D4-6BB75EE6BDBE}.Release|x64.ActiveCfg = Release|Any CPU
		{2833C6EF-08B2-49BA-96D4-6BB75EE6BDBE}.Release|x64.Build.0 = Release|Any CPU
		{2833C6EF-08B2-49BA-96D4-6BB75EE6BDBE}.Release|x86.ActiveCfg = Release|Any CPU
		{2833C6EF-08B2-49BA-96D4-6BB75EE6BDBE}.Release|x86.Build.0 = Release|Any CPU
		{A3A10AED-1904-41B4-93C6-60FA095A1466}.Debug|Any CPU.ActiveCfg = Debug|Any CPU
		{A3A10AED-1904-41B4-93C6-60FA095A1466}.Debug|Any CPU.Build.0 = Debug|Any CPU
		{A3A10AED-1904-41B4-93C6-60FA095A1466}.Debug|ARM.ActiveCfg = Debug|Any CPU
		{A3A10AED-1904-41B4-93C6-60FA095A1466}.Debug|ARM.Build.0 = Debug|Any CPU
		{A3A10AED-1904-41B4-93C6-60FA095A1466}.Debug|ARM64.ActiveCfg = Debug|Any CPU
		{A3A10AED-1904-41B4-93C6-60FA095A1466}.Debug|ARM64.Build.0 = Debug|Any CPU
		{A3A10AED-1904-41B4-93C6-60FA095A1466}.Debug|x64.ActiveCfg = Debug|Any CPU
		{A3A10AED-1904-41B4-93C6-60FA095A1466}.Debug|x64.Build.0 = Debug|Any CPU
		{A3A10AED-1904-41B4-93C6-60FA095A1466}.Debug|x86.ActiveCfg = Debug|Any CPU
		{A3A10AED-1904-41B4-93C6-60FA095A1466}.Debug|x86.Build.0 = Debug|Any CPU
		{A3A10AED-1904-41B4-93C6-60FA095A1466}.Release|Any CPU.ActiveCfg = Release|Any CPU
		{A3A10AED-1904-41B4-93C6-60FA095A1466}.Release|Any CPU.Build.0 = Release|Any CPU
		{A3A10AED-1904-41B4-93C6-60FA095A1466}.Release|ARM.ActiveCfg = Release|Any CPU
		{A3A10AED-1904-41B4-93C6-60FA095A1466}.Release|ARM.Build.0 = Release|Any CPU
		{A3A10AED-1904-41B4-93C6-60FA095A1466}.Release|ARM64.ActiveCfg = Release|Any CPU
		{A3A10AED-1904-41B4-93C6-60FA095A1466}.Release|ARM64.Build.0 = Release|Any CPU
		{A3A10AED-1904-41B4-93C6-60FA095A1466}.Release|x64.ActiveCfg = Release|Any CPU
		{A3A10AED-1904-41B4-93C6-60FA095A1466}.Release|x64.Build.0 = Release|Any CPU
		{A3A10AED-1904-41B4-93C6-60FA095A1466}.Release|x86.ActiveCfg = Release|Any CPU
		{A3A10AED-1904-41B4-93C6-60FA095A1466}.Release|x86.Build.0 = Release|Any CPU
		{BC098674-DA43-40E9-801A-3D7F3CD615E7}.Debug|Any CPU.ActiveCfg = Debug|Any CPU
		{BC098674-DA43-40E9-801A-3D7F3CD615E7}.Debug|Any CPU.Build.0 = Debug|Any CPU
		{BC098674-DA43-40E9-801A-3D7F3CD615E7}.Debug|ARM.ActiveCfg = Debug|Any CPU
		{BC098674-DA43-40E9-801A-3D7F3CD615E7}.Debug|ARM.Build.0 = Debug|Any CPU
		{BC098674-DA43-40E9-801A-3D7F3CD615E7}.Debug|ARM64.ActiveCfg = Debug|Any CPU
		{BC098674-DA43-40E9-801A-3D7F3CD615E7}.Debug|ARM64.Build.0 = Debug|Any CPU
		{BC098674-DA43-40E9-801A-3D7F3CD615E7}.Debug|x64.ActiveCfg = Debug|Any CPU
		{BC098674-DA43-40E9-801A-3D7F3CD615E7}.Debug|x64.Build.0 = Debug|Any CPU
		{BC098674-DA43-40E9-801A-3D7F3CD615E7}.Debug|x86.ActiveCfg = Debug|Any CPU
		{BC098674-DA43-40E9-801A-3D7F3CD615E7}.Debug|x86.Build.0 = Debug|Any CPU
		{BC098674-DA43-40E9-801A-3D7F3CD615E7}.Release|Any CPU.ActiveCfg = Release|Any CPU
		{BC098674-DA43-40E9-801A-3D7F3CD615E7}.Release|Any CPU.Build.0 = Release|Any CPU
		{BC098674-DA43-40E9-801A-3D7F3CD615E7}.Release|ARM.ActiveCfg = Release|Any CPU
		{BC098674-DA43-40E9-801A-3D7F3CD615E7}.Release|ARM.Build.0 = Release|Any CPU
		{BC098674-DA43-40E9-801A-3D7F3CD615E7}.Release|ARM64.ActiveCfg = Release|Any CPU
		{BC098674-DA43-40E9-801A-3D7F3CD615E7}.Release|ARM64.Build.0 = Release|Any CPU
		{BC098674-DA43-40E9-801A-3D7F3CD615E7}.Release|x64.ActiveCfg = Release|Any CPU
		{BC098674-DA43-40E9-801A-3D7F3CD615E7}.Release|x64.Build.0 = Release|Any CPU
		{BC098674-DA43-40E9-801A-3D7F3CD615E7}.Release|x86.ActiveCfg = Release|Any CPU
		{BC098674-DA43-40E9-801A-3D7F3CD615E7}.Release|x86.Build.0 = Release|Any CPU
	EndGlobalSection
	GlobalSection(SolutionProperties) = preSolution
		HideSolutionNode = FALSE
	EndGlobalSection
	GlobalSection(NestedProjects) = preSolution
		{62EA9C04-C2CB-4E58-9097-052329442EDA} = {B8F08446-9BA2-4DB8-B5CC-6C9AFEA20396}
		{3E98ABA2-F8C8-435E-94D4-7F27A7A12465} = {B8F08446-9BA2-4DB8-B5CC-6C9AFEA20396}
		{6A0A5BAA-99BD-4601-9A88-43948D5EB32A} = {B8F08446-9BA2-4DB8-B5CC-6C9AFEA20396}
		{6C01E9D4-7B29-4111-B078-F10599019CE8} = {B8F08446-9BA2-4DB8-B5CC-6C9AFEA20396}
		{1EF73C0F-94A0-4D92-8ABD-31BFD3917DD1} = {B8F08446-9BA2-4DB8-B5CC-6C9AFEA20396}
		{50D032CB-DB84-483D-BF4F-7B18EB8AFE03} = {9894B508-9016-4893-B98E-35E27D1BA208}
		{D3575DBD-0FAC-4E88-B49F-FD6A9D83A908} = {1EF73C0F-94A0-4D92-8ABD-31BFD3917DD1}
		{40A9906C-18CB-439F-AB6A-D2718AB8B6C4} = {1EF73C0F-94A0-4D92-8ABD-31BFD3917DD1}
		{F5121645-B46E-454E-B193-9EAFEB7A5808} = {1EF73C0F-94A0-4D92-8ABD-31BFD3917DD1}
		{7E2F5173-BD3E-407C-943B-A84CFD8B6663} = {62EA9C04-C2CB-4E58-9097-052329442EDA}
		{F7786EF8-F9FF-4160-B71E-30C49E8A2E2E} = {62EA9C04-C2CB-4E58-9097-052329442EDA}
		{64865BD0-2763-4703-9253-67F54C5A5987} = {6A0A5BAA-99BD-4601-9A88-43948D5EB32A}
		{D17C01A0-0DBB-4286-A50C-952CBF2651E2} = {62EA9C04-C2CB-4E58-9097-052329442EDA}
		{04DE9FB1-829F-4A70-8385-5D3A68F8C09B} = {3E98ABA2-F8C8-435E-94D4-7F27A7A12465}
		{5A72420A-DD6D-4337-91BB-38E83139B5C8} = {3E98ABA2-F8C8-435E-94D4-7F27A7A12465}
		{2833C6EF-08B2-49BA-96D4-6BB75EE6BDBE} = {6C01E9D4-7B29-4111-B078-F10599019CE8}
		{A3A10AED-1904-41B4-93C6-60FA095A1466} = {9894B508-9016-4893-B98E-35E27D1BA208}
		{BC098674-DA43-40E9-801A-3D7F3CD615E7} = {9894B508-9016-4893-B98E-35E27D1BA208}
	EndGlobalSection
	GlobalSection(ExtensibilityGlobals) = postSolution
		SolutionGuid = {6930C3A5-709A-40FD-8649-F7740D84C558}
	EndGlobalSection
EndGlobal
